dependencies:
  '@stitches/react': 0.0.2_react@17.0.1
  '@types/react': 17.0.0
  react: 17.0.1
  typescript: 4.1.3
lockfileVersion: 5.2
packages:
  /@stitches/core/0.0.2:
    dependencies:
      '@types/node': 13.13.40
      tslib: 1.14.1
    dev: false
    resolution:
      integrity: sha512-fvwZcUbb/cqV52+g+nGbwo8NbLt+Zpz7TSik+EwjtJd5Y3cpPOK0UZ+3hvMLlvqIPIzzcQULgrVuU08XkTdPfw==
  /@stitches/react/0.0.2_react@17.0.1:
    dependencies:
      '@stitches/core': 0.0.2
      '@types/node': 13.13.40
      '@types/react-test-renderer': 16.9.4
      react: 17.0.1
      tslib: 1.14.1
    dev: false
    peerDependencies:
      react: ^16.13.1
    resolution:
      integrity: sha512-ftd00ioQZ/gCxoR5AYVySPxVlK2J7UMc4Q0cK9IRJ+xEGBnKV+p+03E3jQt+be6k7BfRiSIlLEVHrbTN3jgqfA==
  /@types/node/13.13.40:
    dev: false
    resolution:
      integrity: sha512-eKaRo87lu1yAXrzEJl0zcJxfUMDT5/mZalFyOkT44rnQps41eS2pfWzbaulSPpQLFNy29bFqn+Y5lOTL8ATlEQ==
  /@types/prop-types/15.7.3:
    dev: false
    resolution:
      integrity: sha512-KfRL3PuHmqQLOG+2tGpRO26Ctg+Cq1E01D2DMriKEATHgWLfeNDmq9e29Q9WIky0dQ3NPkd1mzYH8Lm936Z9qw==
  /@types/react-test-renderer/16.9.4:
    dependencies:
      '@types/react': 16.14.2
    dev: false
    resolution:
      integrity: sha512-ZcnGz4O5I6C/gA7V8SInBDrUdhUwjc9C4n3hyeciwTc0oGYi0efYxxD0M0ASiN5SZzCBGGwb9tGtIk7270BqsQ==
  /@types/react/16.14.2:
    dependencies:
      '@types/prop-types': 15.7.3
      csstype: 3.0.6
    dev: false
    resolution:
      integrity: sha512-BzzcAlyDxXl2nANlabtT4thtvbbnhee8hMmH/CcJrISDBVcJS1iOsP1f0OAgSdGE0MsY9tqcrb9YoZcOFv9dbQ==
  /@types/react/17.0.0:
    dependencies:
      '@types/prop-types': 15.7.3
      csstype: 3.0.6
    dev: false
    resolution:
      integrity: sha512-aj/L7RIMsRlWML3YB6KZiXB3fV2t41+5RBGYF8z+tAKU43Px8C3cYUZsDvf1/+Bm4FK21QWBrDutu8ZJ/70qOw==
  /csstype/3.0.6:
    dev: false
    resolution:
      integrity: sha512-+ZAmfyWMT7TiIlzdqJgjMb7S4f1beorDbWbsocyK4RaiqA5RTX3K14bnBWmmA9QEM0gRdsjyyrEmcyga8Zsxmw==
  /js-tokens/4.0.0:
    dev: false
    resolution:
      integrity: sha512-RdJUflcE3cUzKiMqQgsCu06FPu9UdIJO0beYbPhHN4k6apgJtifcoCtT9bcxOpYBtpD2kCM6Sbzg4CausW/PKQ==
  /loose-envify/1.4.0:
    dependencies:
      js-tokens: 4.0.0
    dev: false
    hasBin: true
    resolution:
      integrity: sha512-lyuxPGr/Wfhrlem2CL/UcnUc1zcqKAImBDzukY7Y5F/yQiNdko6+fRLevlw1HgMySw7f611UIY408EtxRSoK3Q==
  /object-assign/4.1.1:
    dev: false
    engines:
      node: '>=0.10.0'
    resolution:
      integrity: sha1-IQmtx5ZYh8/AXLvUQsrIv7s2CGM=
  /react/17.0.1:
    dependencies:
      loose-envify: 1.4.0
      object-assign: 4.1.1
    dev: false
    engines:
      node: '>=0.10.0'
    resolution:
      integrity: sha512-lG9c9UuMHdcAexXtigOZLX8exLWkW0Ku29qPRU8uhF2R9BN96dLCt0psvzPLlHc5OWkgymP3qwTRgbnw5BKx3w==
  /tslib/1.14.1:
    dev: false
    resolution:
      integrity: sha512-Xni35NKzjgMrwevysHTCArtLDpPvye8zV/0E4EyYn43P7/7qvQwPh9BGkHewbMulVntbigmcT7rdX3BNo9wRJg==
  /typescript/4.1.3:
    dev: false
    engines:
      node: '>=4.2.0'
    hasBin: true
    resolution:
      integrity: sha512-B3ZIOf1IKeH2ixgHhj6la6xdwR9QrLC5d1VKeCSY4tvkqhF2eqd9O7txNlS0PO3GrBAFIdr3L1ndNwteUbZLYg==
specifiers:
  '@stitches/react': 0.0.2
  '@types/react': 17.0.0
  react: 17.0.1
  typescript: 4.1.3
